
Microsoft Visual Studio Solution File, Format Version 12.00
# Visual Studio 15
VisualStudioVersion = 15.0.28010.2046
MinimumVisualStudioVersion = 10.0.40219.1
Project("{FAE04EC0-301F-11D3-BF4B-00C04F79EFBC}") = "IdRoleSample", "IdRoleSample\IdRoleSample.csproj", "{30AC5BD5-0BF1-425D-BA2C-7D5D78BB8681}"
EndProject
Global
	GlobalSection(SolutionConfigurationPlatforms) = preSolution
		Debug|Any CPU = Debug|Any CPU
		Release|Any CPU = Release|Any CPU
	EndGlobalSection
	GlobalSection(ProjectConfigurationPlatforms) = postSolution
		{30AC5BD5-0BF1-425D-BA2C-7D5D78BB8681}.Debug|Any CPU.ActiveCfg = Debug|Any CPU
		{30AC5BD5-0BF1-425D-BA2C-7D5D78BB8681}.Debug|Any CPU.Build.0 = Debug|Any CPU
		{30AC5BD5-0BF1-425D-BA2C-7D5D78BB8681}.Release|Any CPU.ActiveCfg = Release|Any CPU
		{30AC5BD5-0BF1-425D-BA2C-7D5D78BB8681}.Release|Any CPU.Build.0 = Release|Any CPU
	EndGlobalSection
	GlobalSection(SolutionProperties) = preSolution
		HideSolutionNode = FALSE
	EndGlobalSection
	GlobalSection(ExtensibilityGlobals) = postSolution
		SolutionGuid = {30FBEA81-7434-48D7-B925-5928E65BBBED}
	EndGlobalSection
EndGlobal
